
Microsoft Visual Studio Solution File, Format Version 12.00
# Visual Studio Version 17
VisualStudioVersion = 17.6.33829.357
MinimumVisualStudioVersion = 10.0.40219.1
Project("{FAE04EC0-301F-11D3-BF4B-00C04F79EFBC}") = "atividadeaguia", "atividadeaguia\atividadeaguia.csproj", "{4F69D592-D442-4A3B-8E23-43F3D3CDADE4}"
EndProject
Global
	GlobalSection(SolutionConfigurationPlatforms) = preSolution
		Debug|Any CPU = Debug|Any CPU
		Release|Any CPU = Release|Any CPU
	EndGlobalSection
	GlobalSection(ProjectConfigurationPlatforms) = postSolution
		{4F69D592-D442-4A3B-8E23-43F3D3CDADE4}.Debug|Any CPU.ActiveCfg = Debug|Any CPU
		{4F69D592-D442-4A3B-8E23-43F3D3CDADE4}.Debug|Any CPU.Build.0 = Debug|Any CPU
		{4F69D592-D442-4A3B-8E23-43F3D3CDADE4}.Release|Any CPU.ActiveCfg = Release|Any CPU
		{4F69D592-D442-4A3B-8E23-43F3D3CDADE4}.Release|Any CPU.Build.0 = Release|Any CPU
	EndGlobalSection
	GlobalSection(SolutionProperties) = preSolution
		HideSolutionNode = FALSE
	EndGlobalSection
	GlobalSection(ExtensibilityGlobals) = postSolution
		SolutionGuid = {9AEF521E-B457-49B6-8461-AB6B52B1898B}
	EndGlobalSection
EndGlobal
